
Microsoft Visual Studio Solution File, Format Version 12.00
# Visual Studio Version 17
VisualStudioVersion = 17.14.36203.30 d17.14
MinimumVisualStudioVersion = 10.0.40219.1
Project("{FAE04EC0-301F-11D3-BF4B-00C04F79EFBC}") = "DatabaseOperationsWithEFCore", "DatabaseOperationsWithEFCore.csproj", "{3C4EEB1B-BE08-4BFD-95DB-6BF40677FA77}"
EndProject
Global
	GlobalSection(SolutionConfigurationPlatforms) = preSolution
		Debug|Any CPU = Debug|Any CPU
		Release|Any CPU = Release|Any CPU
	EndGlobalSection
	GlobalSection(ProjectConfigurationPlatforms) = postSolution
		{3C4EEB1B-BE08-4BFD-95DB-6BF40677FA77}.Debug|Any CPU.ActiveCfg = Debug|Any CPU
		{3C4EEB1B-BE08-4BFD-95DB-6BF40677FA77}.Debug|Any CPU.Build.0 = Debug|Any CPU
		{3C4EEB1B-BE08-4BFD-95DB-6BF40677FA77}.Release|Any CPU.ActiveCfg = Release|Any CPU
		{3C4EEB1B-BE08-4BFD-95DB-6BF40677FA77}.Release|Any CPU.Build.0 = Release|Any CPU
	EndGlobalSection
	GlobalSection(SolutionProperties) = preSolution
		HideSolutionNode = FALSE
	EndGlobalSection
	GlobalSection(ExtensibilityGlobals) = postSolution
		SolutionGuid = {DFC61E60-C8C7-4BEB-B556-BFD195257BF9}
	EndGlobalSection
EndGlobal
